<?xml version="1.0" encoding="UTF-8" standalone="yes" ?>
<CodeBlocks_project_file>
	<FileVersion major="1" minor="6" />
	<Project>
		<Option title="Stampe" />
		<Option pch_mode="2" />
		<Option compiler="gcc" />
		<Build>
			<Target title="Release">
				<Option output="bin\Release\Stampe" prefix_auto="1" extension_auto="1" />
				<Option object_output="obj\Release\" />
				<Option type="1" />
				<Option compiler="gcc" />
			</Target>
		</Build>
		<Unit filename="heap.c">
			<Option compilerVar="CC" />
		</Unit>
		<Unit filename="heap.h" />
		<Unit filename="infrastruttura.c">
			<Option compilerVar="CC" />
		</Unit>
		<Unit filename="infrastruttura.h" />
		<Unit filename="job.c">
			<Option compilerVar="CC" />
		</Unit>
		<Unit filename="job.h" />
		<Unit filename="main.c">
			<Option compilerVar="CC" />
			<Option weight="100" />
		</Unit>
		<Unit filename="pc.c">
			<Option compilerVar="CC" />
		</Unit>
		<Unit filename="pc.h" />
		<Unit filename="stampe.c">
			<Option compilerVar="CC" />
		</Unit>
		<Unit filename="stampe.h" />
		<Unit filename="utils.c">
			<Option compilerVar="CC" />
		</Unit>
		<Unit filename="utils.h" />
		<Extensions>
			<code_completion />
			<debugger />
		</Extensions>
	</Project>
</CodeBlocks_project_file>
